{
    "_meta": {
        "hash": {
            "sha256": "fa1d1e4f9a39c4e360c509636f15a1210eab5454b33459f671b6ecaf7534170b"
        },
        "pipfile-spec": 6,
        "requires": {
            "python_version": "3.6"
        },
        "sources": [
            {
                "name": "pypi",
                "url": "https://pypi.org/simple",
                "verify_ssl": true
            }
        ]
    },
    "default": {},
    "develop": {
        "appnope": {
            "hashes": [
                "sha256:5b26757dc6f79a3b7dc9fab95359328d5747fcb2409d331ea66d0272b90ab2a0",
                "sha256:8b995ffe925347a2138d7ac0fe77155e4311a0ea6d6da4f5128fe4b3cbe5ed71"
            ],
            "markers": "sys_platform == 'darwin'",
            "version": "==0.1.0"
        },
        "backcall": {
            "hashes": [
                "sha256:5cbdbf27be5e7cfadb448baf0aa95508f91f2bbc6c6437cd9cd06e2a4c215e1e",
                "sha256:fbbce6a29f263178a1f7915c1940bde0ec2b2a967566fe1c65c1dfb7422bd255"
            ],
            "version": "==0.2.0"
        },
        "chispa": {
            "hashes": [
                "sha256:d045487fe42ce6aa3f7264090ccbb6d17672635e4985ff270f9f89c623dcd4d0",
                "sha256:de828eb81cde4efd4fb7d2d6e9c855a5c5c9eed6001307fd7dc6a3b8cb82525f"
            ],
            "index": "pypi",
            "version": "==0.6.0"
        },
        "decorator": {
            "hashes": [
                "sha256:41fa54c2a0cc4ba648be4fd43cff00aedf5b9465c9bf18d64325bc225f08f760",
                "sha256:e3a62f0520172440ca0dcc823749319382e377f37f140a0b99ef45fecb84bfe7"
            ],
            "version": "==4.4.2"
        },
        "flake8": {
            "hashes": [
                "sha256:15e351d19611c887e482fb960eae4d44845013cc142d42896e9862f775d8cf5c",
                "sha256:f04b9fcbac03b0a3e58c0ab3a0ecc462e023a9faf046d57794184028123aa208"
            ],
            "index": "pypi",
            "version": "==3.8.3"
        },
        "importlib-metadata": {
            "hashes": [
                "sha256:90bb658cdbbf6d1735b6341ce708fc7024a3e14e99ffdc5783edea9f9b077f83",
                "sha256:dc15b2969b4ce36305c51eebe62d418ac7791e9a157911d58bfb1f9ccd8e2070"
            ],
            "markers": "python_version < '3.8'",
            "version": "==1.7.0"
        },
        "ipython": {
            "hashes": [
                "sha256:2dbcc8c27ca7d3cfe4fcdff7f45b27f9a8d3edfa70ff8024a71c7a8eb5f09d64",
                "sha256:9f4fcb31d3b2c533333893b9172264e4821c1ac91839500f31bd43f2c59b3ccf"
            ],
            "index": "pypi",
            "version": "==7.16.1"
        },
        "ipython-genutils": {
            "hashes": [
                "sha256:72dd37233799e619666c9f639a9da83c34013a73e8bbc79a7a6348d93c61fab8",
                "sha256:eb2e116e75ecef9d4d228fdc66af54269afa26ab4463042e33785b887c628ba8"
            ],
            "version": "==0.2.0"
        },
        "jedi": {
            "hashes": [
                "sha256:1ddb0ec78059e8e27ec9eb5098360b4ea0a3dd840bedf21415ea820c21b40a22",
                "sha256:807d5d4f96711a2bcfdd5dfa3b1ae6d09aa53832b182090b222b5efb81f52f63"
            ],
            "markers": "python_version >= '2.7' and python_version not in '3.0, 3.1, 3.2, 3.3, 3.4'",
            "version": "==0.17.1"
        },
        "mccabe": {
            "hashes": [
                "sha256:ab8a6258860da4b6677da4bd2fe5dc2c659cff31b3ee4f7f5d64e79735b80d42",
                "sha256:dd8d182285a0fe56bace7f45b5e7d1a6ebcbf524e8f3bd87eb0f125271b8831f"
            ],
            "version": "==0.6.1"
        },
        "parso": {
            "hashes": [
                "sha256:158c140fc04112dc45bca311633ae5033c2c2a7b732fa33d0955bad8152a8dd0",
                "sha256:908e9fae2144a076d72ae4e25539143d40b8e3eafbaeae03c1bfe226f4cdf12c"
            ],
            "markers": "python_version >= '2.7' and python_version not in '3.0, 3.1, 3.2, 3.3'",
            "version": "==0.7.0"
        },
        "pexpect": {
            "hashes": [
                "sha256:0b48a55dcb3c05f3329815901ea4fc1537514d6ba867a152b581d69ae3710937",
                "sha256:fc65a43959d153d0114afe13997d439c22823a27cefceb5ff35c2178c6784c0c"
            ],
            "markers": "sys_platform != 'win32'",
            "version": "==4.8.0"
        },
        "pickleshare": {
            "hashes": [
                "sha256:87683d47965c1da65cdacaf31c8441d12b8044cdec9aca500cd78fc2c683afca",
                "sha256:9649af414d74d4df115d5d718f82acb59c9d418196b7b4290ed47a12ce62df56"
            ],
            "version": "==0.7.5"
        },
        "prompt-toolkit": {
            "hashes": [
                "sha256:563d1a4140b63ff9dd587bda9557cffb2fe73650205ab6f4383092fb882e7dc8",
                "sha256:df7e9e63aea609b1da3a65641ceaf5bc7d05e0a04de5bd45d05dbeffbabf9e04"
            ],
            "markers": "python_full_version >= '3.6.1'",
            "version": "==3.0.5"
        },
        "ptyprocess": {
            "hashes": [
                "sha256:923f299cc5ad920c68f2bc0bc98b75b9f838b93b599941a6b63ddbc2476394c0",
                "sha256:d7cc528d76e76342423ca640335bd3633420dc1366f258cb31d05e865ef5ca1f"
            ],
            "version": "==0.6.0"
        },
        "py4j": {
            "hashes": [
                "sha256:721189616b3a7d28212dfb2e7c6a1dd5147b03105f1fc37ff2432acd0e863fa5",
                "sha256:a950fe7de1bfd247a0a4dddb9118f332d22a89e01e0699135ea8038c15ee1293"
            ],
            "version": "==0.10.7"
        },
        "pycodestyle": {
            "hashes": [
                "sha256:2295e7b2f6b5bd100585ebcb1f616591b652db8a741695b3d8f5d28bdc934367",
                "sha256:c58a7d2815e0e8d7972bf1803331fb0152f867bd89adf8a01dfd55085434192e"
            ],
            "markers": "python_version >= '2.7' and python_version not in '3.0, 3.1, 3.2, 3.3'",
            "version": "==2.6.0"
        },
        "pyflakes": {
            "hashes": [
                "sha256:0d94e0e05a19e57a99444b6ddcf9a6eb2e5c68d3ca1e98e90707af8152c90a92",
                "sha256:35b2d75ee967ea93b55750aa9edbbf72813e06a66ba54438df2cfac9e3c27fc8"
            ],
            "markers": "python_version >= '2.7' and python_version not in '3.0, 3.1, 3.2, 3.3'",
            "version": "==2.2.0"
        },
        "pygments": {
            "hashes": [
                "sha256:647344a061c249a3b74e230c739f434d7ea4d8b1d5f3721bc0f3558049b38f44",
                "sha256:ff7a40b4860b727ab48fad6360eb351cc1b33cbf9b15a0f689ca5353e9463324"
            ],
            "markers": "python_version >= '3.5'",
            "version": "==2.6.1"
        },
        "pyspark": {
            "hashes": [
                "sha256:c9d7b7c5e91b13488b657e364ff392a80b2e374b182138e5ec8702a1822bffdc"
            ],
            "index": "pypi",
            "version": "==2.4.0"
        },
        "six": {
            "hashes": [
                "sha256:30639c035cdb23534cd4aa2dd52c3bf48f06e5f4a941509c8bafd8ce11080259",
                "sha256:8b74bedcbbbaca38ff6d7491d76f2b06b3592611af620f8426e82dddb04a5ced"
            ],
            "markers": "python_version >= '2.7' and python_version not in '3.0, 3.1, 3.2, 3.3'",
            "version": "==1.15.0"
        },
        "traitlets": {
            "hashes": [
                "sha256:70b4c6a1d9019d7b4f6846832288f86998aa3b9207c6821f3578a6a6a467fe44",
                "sha256:d023ee369ddd2763310e4c3eae1ff649689440d4ae59d7485eb4cfbbe3e359f7"
            ],
            "version": "==4.3.3"
        },
        "wcwidth": {
            "hashes": [
                "sha256:beb4802a9cebb9144e99086eff703a642a13d6a0052920003a230f3294bbe784",
                "sha256:c4d647b99872929fdb7bdcaa4fbe7f01413ed3d98077df798530e5b04f116c83"
            ],
            "version": "==0.2.5"
        },
        "zipp": {
            "hashes": [
                "sha256:aa36550ff0c0b7ef7fa639055d797116ee891440eac1a56f378e2d3179e0320b",
                "sha256:c599e4d75c98f6798c509911d08a22e6c021d074469042177c8c86fb92eefd96"
            ],
            "markers": "python_version >= '3.6'",
            "version": "==3.1.0"
        }
    }
}
